// !$*UTF8*$!
{
	archiveVersion = 1;
	classes = {
	};
	objectVersion = 50;
	objects = {

/* Begin PBXBuildFile section */
		1154748F219C25310063A995 /* main.swift in Sources */ = {isa = PBXBuildFile; fileRef = 1154748E219C25310063A995 /* main.swift */; };
		7783B2EA34019FDE0CDCBF30 /* Pods_BowHangman.framework in Frameworks */ = {isa = PBXBuildFile; fileRef = D5E42A49EE5B8F71B6CAA817 /* Pods_BowHangman.framework */; };
/* End PBXBuildFile section */

/* Begin PBXFileReference section */
		1154748B219C25310063A995 /* BowHangman */ = {isa = PBXFileReference; explicitFileType = "compiled.mach-o.executable"; includeInIndex = 0; path = BowHangman; sourceTree = BUILT_PRODUCTS_DIR; };
		1154748E219C25310063A995 /* main.swift */ = {isa = PBXFileReference; lastKnownFileType = sourcecode.swift; path = main.swift; sourceTree = "<group>"; };
		11547496219C25FD0063A995 /* Bow.framework */ = {isa = PBXFileReference; lastKnownFileType = wrapper.framework; name = Bow.framework; path = Carthage/Build/Mac/Bow.framework; sourceTree = "<group>"; };
		117DC0AA22AE438D00EF65F0 /* Bow.framework.dSYM */ = {isa = PBXFileReference; lastKnownFileType = wrapper.dsym; name = Bow.framework.dSYM; path = Carthage/Build/iOS/Bow.framework.dSYM; sourceTree = "<group>"; };
		117DC0AB22AE438D00EF65F0 /* BowEffects.framework.dSYM */ = {isa = PBXFileReference; lastKnownFileType = wrapper.dsym; name = BowEffects.framework.dSYM; path = Carthage/Build/iOS/BowEffects.framework.dSYM; sourceTree = "<group>"; };
		117DC0AE22AE43A200EF65F0 /* Bow.framework */ = {isa = PBXFileReference; lastKnownFileType = wrapper.framework; name = Bow.framework; path = Carthage/Build/iOS/Bow.framework; sourceTree = "<group>"; };
		117DC0AF22AE43A200EF65F0 /* BowEffects.framework */ = {isa = PBXFileReference; lastKnownFileType = wrapper.framework; name = BowEffects.framework; path = Carthage/Build/iOS/BowEffects.framework; sourceTree = "<group>"; };
		181FE5E32CE6012B7B121C2B /* Pods-BowHangman.debug.xcconfig */ = {isa = PBXFileReference; includeInIndex = 1; lastKnownFileType = text.xcconfig; name = "Pods-BowHangman.debug.xcconfig"; path = "Target Support Files/Pods-BowHangman/Pods-BowHangman.debug.xcconfig"; sourceTree = "<group>"; };
		D5E42A49EE5B8F71B6CAA817 /* Pods_BowHangman.framework */ = {isa = PBXFileReference; explicitFileType = wrapper.framework; includeInIndex = 0; path = Pods_BowHangman.framework; sourceTree = BUILT_PRODUCTS_DIR; };
		FA0DA56DA0E05AB6BD865C8D /* Pods-BowHangman.release.xcconfig */ = {isa = PBXFileReference; includeInIndex = 1; lastKnownFileType = text.xcconfig; name = "Pods-BowHangman.release.xcconfig"; path = "Target Support Files/Pods-BowHangman/Pods-BowHangman.release.xcconfig"; sourceTree = "<group>"; };
/* End PBXFileReference section */

/* Begin PBXFrameworksBuildPhase section */
		11547488219C25310063A995 /* Frameworks */ = {
			isa = PBXFrameworksBuildPhase;
			buildActionMask = 2147483647;
			files = (
				7783B2EA34019FDE0CDCBF30 /* Pods_BowHangman.framework in Frameworks */,
			);
			runOnlyForDeploymentPostprocessing = 0;
		};
/* End PBXFrameworksBuildPhase section */

/* Begin PBXGroup section */
		11547482219C25310063A995 = {
			isa = PBXGroup;
			children = (
				1154748D219C25310063A995 /* BowHangman */,
				1154748C219C25310063A995 /* Products */,
				11547495219C25FC0063A995 /* Frameworks */,
				5FCA02455ED81A63E8F8F517 /* Pods */,
			);
			sourceTree = "<group>";
		};
		1154748C219C25310063A995 /* Products */ = {
			isa = PBXGroup;
			children = (
				1154748B219C25310063A995 /* BowHangman */,
			);
			name = Products;
			sourceTree = "<group>";
		};
		1154748D219C25310063A995 /* BowHangman */ = {
			isa = PBXGroup;
			children = (
				1154748E219C25310063A995 /* main.swift */,
			);
			path = BowHangman;
			sourceTree = "<group>";
		};
		11547495219C25FC0063A995 /* Frameworks */ = {
			isa = PBXGroup;
			children = (
				117DC0AE22AE43A200EF65F0 /* Bow.framework */,
				117DC0AF22AE43A200EF65F0 /* BowEffects.framework */,
				117DC0AA22AE438D00EF65F0 /* Bow.framework.dSYM */,
				117DC0AB22AE438D00EF65F0 /* BowEffects.framework.dSYM */,
				11547496219C25FD0063A995 /* Bow.framework */,
				D5E42A49EE5B8F71B6CAA817 /* Pods_BowHangman.framework */,
			);
			name = Frameworks;
			sourceTree = "<group>";
		};
		5FCA02455ED81A63E8F8F517 /* Pods */ = {
			isa = PBXGroup;
			children = (
				181FE5E32CE6012B7B121C2B /* Pods-BowHangman.debug.xcconfig */,
				FA0DA56DA0E05AB6BD865C8D /* Pods-BowHangman.release.xcconfig */,
			);
			path = Pods;
			sourceTree = "<group>";
		};
/* End PBXGroup section */

/* Begin PBXNativeTarget section */
		1154748A219C25310063A995 /* BowHangman */ = {
			isa = PBXNativeTarget;
			buildConfigurationList = 11547492219C25310063A995 /* Build configuration list for PBXNativeTarget "BowHangman" */;
			buildPhases = (
				D8B583ADE9AFF419EBBF6B56 /* [CP] Check Pods Manifest.lock */,
				11547487219C25310063A995 /* Sources */,
				11547488219C25310063A995 /* Frameworks */,
			);
			buildRules = (
			);
			dependencies = (
			);
			name = BowHangman;
			productName = BowHangman;
			productReference = 1154748B219C25310063A995 /* BowHangman */;
			productType = "com.apple.product-type.tool";
		};
/* End PBXNativeTarget section */

/* Begin PBXProject section */
		11547483219C25310063A995 /* Project object */ = {
			isa = PBXProject;
			attributes = {
				LastSwiftUpdateCheck = 1010;
				LastUpgradeCheck = 1010;
				ORGANIZATIONNAME = truizlop;
				TargetAttributes = {
					1154748A219C25310063A995 = {
						CreatedOnToolsVersion = 10.1;
						LastSwiftMigration = 1020;
					};
				};
			};
			buildConfigurationList = 11547486219C25310063A995 /* Build configuration list for PBXProject "BowHangman" */;
			compatibilityVersion = "Xcode 9.3";
			developmentRegion = en;
			hasScannedForEncodings = 0;
			knownRegions = (
				en,
				Base,
			);
			mainGroup = 11547482219C25310063A995;
			productRefGroup = 1154748C219C25310063A995 /* Products */;
			projectDirPath = "";
			projectRoot = "";
			targets = (
				1154748A219C25310063A995 /* BowHangman */,
			);
		};
/* End PBXProject section */

/* Begin PBXShellScriptBuildPhase section */
		D8B583ADE9AFF419EBBF6B56 /* [CP] Check Pods Manifest.lock */ = {
			isa = PBXShellScriptBuildPhase;
			buildActionMask = 2147483647;
			files = (
			);
			inputFileListPaths = (
			);
			inputPaths = (
				"${PODS_PODFILE_DIR_PATH}/Podfile.lock",
				"${PODS_ROOT}/Manifest.lock",
			);
			name = "[CP] Check Pods Manifest.lock";
			outputFileListPaths = (
			);
			outputPaths = (
				"$(DERIVED_FILE_DIR)/Pods-BowHangman-checkManifestLockResult.txt",
			);
			runOnlyForDeploymentPostprocessing = 0;
			shellPath = /bin/sh;
			shellScript = "diff \"${PODS_PODFILE_DIR_PATH}/Podfile.lock\" \"${PODS_ROOT}/Manifest.lock\" > /dev/null\nif [ $? != 0 ] ; then\n    # print error to STDERR\n    echo \"error: The sandbox is not in sync with the Podfile.lock. Run 'pod install' or update your CocoaPods installation.\" >&2\n    exit 1\nfi\n# This output is used by Xcode 'outputs' to avoid re-running this script phase.\necho \"SUCCESS\" > \"${SCRIPT_OUTPUT_FILE_0}\"\n";
			showEnvVarsInLog = 0;
		};
/* End PBXShellScriptBuildPhase section */

/* Begin PBXSourcesBuildPhase section */
		11547487219C25310063A995 /* Sources */ = {
			isa = PBXSourcesBuildPhase;
			buildActionMask = 2147483647;
			files = (
				1154748F219C25310063A995 /* main.swift in Sources */,
			);
			runOnlyForDeploymentPostprocessing = 0;
		};
/* End PBXSourcesBuildPhase section */

/* Begin XCBuildConfiguration section */
		11547490219C25310063A995 /* Debug */ = {
			isa = XCBuildConfiguration;
			buildSettings = {
				ALWAYS_SEARCH_USER_PATHS = NO;
				CLANG_ANALYZER_NONNULL = YES;
				CLANG_ANALYZER_NUMBER_OBJECT_CONVERSION = YES_AGGRESSIVE;
				CLANG_CXX_LANGUAGE_STANDARD = "gnu++14";
				CLANG_CXX_LIBRARY = "libc++";
				CLANG_ENABLE_MODULES = YES;
				CLANG_ENABLE_OBJC_ARC = YES;
				CLANG_ENABLE_OBJC_WEAK = YES;
				CLANG_WARN_BLOCK_CAPTURE_AUTORELEASING = YES;
				CLANG_WARN_BOOL_CONVERSION = YES;
				CLANG_WARN_COMMA = YES;
				CLANG_WARN_CONSTANT_CONVERSION = YES;
				CLANG_WARN_DEPRECATED_OBJC_IMPLEMENTATIONS = YES;
				CLANG_WARN_DIRECT_OBJC_ISA_USAGE = YES_ERROR;
				CLANG_WARN_DOCUMENTATION_COMMENTS = YES;
				CLANG_WARN_EMPTY_BODY = YES;
				CLANG_WARN_ENUM_CONVERSION = YES;
				CLANG_WARN_INFINITE_RECURSION = YES;
				CLANG_WARN_INT_CONVERSION = YES;
				CLANG_WARN_NON_LITERAL_NULL_CONVERSION = YES;
				CLANG_WARN_OBJC_IMPLICIT_RETAIN_SELF = YES;
				CLANG_WARN_OBJC_LITERAL_CONVERSION = YES;
				CLANG_WARN_OBJC_ROOT_CLASS = YES_ERROR;
				CLANG_WARN_RANGE_LOOP_ANALYSIS = YES;
				CLANG_WARN_STRICT_PROTOTYPES = YES;
				CLANG_WARN_SUSPICIOUS_MOVE = YES;
				CLANG_WARN_UNGUARDED_AVAILABILITY = YES_AGGRESSIVE;
				CLANG_WARN_UNREACHABLE_CODE = YES;
				CLANG_WARN__DUPLICATE_METHOD_MATCH = YES;
				CODE_SIGN_IDENTITY = "-";
				COPY_PHASE_STRIP = NO;
				DEBUG_INFORMATION_FORMAT = dwarf;
				ENABLE_STRICT_OBJC_MSGSEND = YES;
				ENABLE_TESTABILITY = YES;
				GCC_C_LANGUAGE_STANDARD = gnu11;
				GCC_DYNAMIC_NO_PIC = NO;
				GCC_NO_COMMON_BLOCKS = YES;
				GCC_OPTIMIZATION_LEVEL = 0;
				GCC_PREPROCESSOR_DEFINITIONS = (
					"DEBUG=1",
					"$(inherited)",
				);
				GCC_WARN_64_TO_32_BIT_CONVERSION = YES;
				GCC_WARN_ABOUT_RETURN_TYPE = YES_ERROR;
				GCC_WARN_UNDECLARED_SELECTOR = YES;
				GCC_WARN_UNINITIALIZED_AUTOS = YES_AGGRESSIVE;
				GCC_WARN_UNUSED_FUNCTION = YES;
				GCC_WARN_UNUSED_VARIABLE = YES;
				MACOSX_DEPLOYMENT_TARGET = 10.14;
				MTL_ENABLE_DEBUG_INFO = INCLUDE_SOURCE;
				MTL_FAST_MATH = YES;
				ONLY_ACTIVE_ARCH = YES;
				SDKROOT = macosx;
				SWIFT_ACTIVE_COMPILATION_CONDITIONS = DEBUG;
				SWIFT_OPTIMIZATION_LEVEL = "-Onone";
			};
			name = Debug;
		};
		11547491219C25310063A995 /* Release */ = {
			isa = XCBuildConfiguration;
			buildSettings = {
				ALWAYS_SEARCH_USER_PATHS = NO;
				CLANG_ANALYZER_NONNULL = YES;
				CLANG_ANALYZER_NUMBER_OBJECT_CONVERSION = YES_AGGRESSIVE;
				CLANG_CXX_LANGUAGE_STANDARD = "gnu++14";
				CLANG_CXX_LIBRARY = "libc++";
				CLANG_ENABLE_MODULES = YES;
				CLANG_ENABLE_OBJC_ARC = YES;
				CLANG_ENABLE_OBJC_WEAK = YES;
				CLANG_WARN_BLOCK_CAPTURE_AUTORELEASING = YES;
				CLANG_WARN_BOOL_CONVERSION = YES;
				CLANG_WARN_COMMA = YES;
				CLANG_WARN_CONSTANT_CONVERSION = YES;
				CLANG_WARN_DEPRECATED_OBJC_IMPLEMENTATIONS = YES;
				CLANG_WARN_DIRECT_OBJC_ISA_USAGE = YES_ERROR;
				CLANG_WARN_DOCUMENTATION_COMMENTS = YES;
				CLANG_WARN_EMPTY_BODY = YES;
				CLANG_WARN_ENUM_CONVERSION = YES;
				CLANG_WARN_INFINITE_RECURSION = YES;
				CLANG_WARN_INT_CONVERSION = YES;
				CLANG_WARN_NON_LITERAL_NULL_CONVERSION = YES;
				CLANG_WARN_OBJC_IMPLICIT_RETAIN_SELF = YES;
				CLANG_WARN_OBJC_LITERAL_CONVERSION = YES;
				CLANG_WARN_OBJC_ROOT_CLASS = YES_ERROR;
				CLANG_WARN_RANGE_LOOP_ANALYSIS = YES;
				CLANG_WARN_STRICT_PROTOTYPES = YES;
				CLANG_WARN_SUSPICIOUS_MOVE = YES;
				CLANG_WARN_UNGUARDED_AVAILABILITY = YES_AGGRESSIVE;
				CLANG_WARN_UNREACHABLE_CODE = YES;
				CLANG_WARN__DUPLICATE_METHOD_MATCH = YES;
				CODE_SIGN_IDENTITY = "-";
				COPY_PHASE_STRIP = NO;
				DEBUG_INFORMATION_FORMAT = "dwarf-with-dsym";
				ENABLE_NS_ASSERTIONS = NO;
				ENABLE_STRICT_OBJC_MSGSEND = YES;
				GCC_C_LANGUAGE_STANDARD = gnu11;
				GCC_NO_COMMON_BLOCKS = YES;
				GCC_WARN_64_TO_32_BIT_CONVERSION = YES;
				GCC_WARN_ABOUT_RETURN_TYPE = YES_ERROR;
				GCC_WARN_UNDECLARED_SELECTOR = YES;
				GCC_WARN_UNINITIALIZED_AUTOS = YES_AGGRESSIVE;
				GCC_WARN_UNUSED_FUNCTION = YES;
				GCC_WARN_UNUSED_VARIABLE = YES;
				MACOSX_DEPLOYMENT_TARGET = 10.14;
				MTL_ENABLE_DEBUG_INFO = NO;
				MTL_FAST_MATH = YES;
				SDKROOT = macosx;
				SWIFT_COMPILATION_MODE = wholemodule;
				SWIFT_OPTIMIZATION_LEVEL = "-O";
			};
			name = Release;
		};
		11547493219C25310063A995 /* Debug */ = {
			isa = XCBuildConfiguration;
			baseConfigurationReference = 181FE5E32CE6012B7B121C2B /* Pods-BowHangman.debug.xcconfig */;
			buildSettings = {
				CODE_SIGN_STYLE = Automatic;
				FRAMEWORK_SEARCH_PATHS = (
					"$(inherited)",
					"$(PROJECT_DIR)/Carthage/Build/Mac",
					"$(PROJECT_DIR)/Carthage/Build/iOS",
				);
				PRODUCT_NAME = "$(TARGET_NAME)";
				SWIFT_VERSION = 5.0;
			};
			name = Debug;
		};
		11547494219C25310063A995 /* Release */ = {
			isa = XCBuildConfiguration;
			baseConfigurationReference = FA0DA56DA0E05AB6BD865C8D /* Pods-BowHangman.release.xcconfig */;
			buildSettings = {
				CODE_SIGN_STYLE = Automatic;
				FRAMEWORK_SEARCH_PATHS = (
					"$(inherited)",
					"$(PROJECT_DIR)/Carthage/Build/Mac",
					"$(PROJECT_DIR)/Carthage/Build/iOS",
				);
				PRODUCT_NAME = "$(TARGET_NAME)";
				SWIFT_VERSION = 5.0;
			};
			name = Release;
		};
/* End XCBuildConfiguration section */

/* Begin XCConfigurationList section */
		11547486219C25310063A995 /* Build configuration list for PBXProject "BowHangman" */ = {
			isa = XCConfigurationList;
			buildConfigurations = (
				11547490219C25310063A995 /* Debug */,
				11547491219C25310063A995 /* Release */,
			);
			defaultConfigurationIsVisible = 0;
			defaultConfigurationName = Release;
		};
		11547492219C25310063A995 /* Build configuration list for PBXNativeTarget "BowHangman" */ = {
			isa = XCConfigurationList;
			buildConfigurations = (
				11547493219C25310063A995 /* Debug */,
				11547494219C25310063A995 /* Release */,
			);
			defaultConfigurationIsVisible = 0;
			defaultConfigurationName = Release;
		};
/* End XCConfigurationList section */
	};
	rootObject = 11547483219C25310063A995 /* Project object */;
}
